
Microsoft Visual Studio Solution File, Format Version 12.00
# Visual Studio Version 16
VisualStudioVersion = 16.0.30011.22
MinimumVisualStudioVersion = 10.0.40219.1
Project("{FAE04EC0-301F-11D3-BF4B-00C04F79EFBC}") = "Siesta2", "Siesta2\Siesta2.csproj", "{ED4E5B63-8736-4777-A1A0-3BDB89A922DD}"
EndProject
Global
	GlobalSection(SolutionConfigurationPlatforms) = preSolution
		Debug|Any CPU = Debug|Any CPU
		Release|Any CPU = Release|Any CPU
	EndGlobalSection
	GlobalSection(ProjectConfigurationPlatforms) = postSolution
		{ED4E5B63-8736-4777-A1A0-3BDB89A922DD}.Debug|Any CPU.ActiveCfg = Debug|Any CPU
		{ED4E5B63-8736-4777-A1A0-3BDB89A922DD}.Debug|Any CPU.Build.0 = Debug|Any CPU
		{ED4E5B63-8736-4777-A1A0-3BDB89A922DD}.Release|Any CPU.ActiveCfg = Release|Any CPU
		{ED4E5B63-8736-4777-A1A0-3BDB89A922DD}.Release|Any CPU.Build.0 = Release|Any CPU
	EndGlobalSection
	GlobalSection(SolutionProperties) = preSolution
		HideSolutionNode = FALSE
	EndGlobalSection
	GlobalSection(ExtensibilityGlobals) = postSolution
		SolutionGuid = {0225CC8F-C9E3-43F5-B015-F5B7E9E23C6D}
	EndGlobalSection
EndGlobal
